
Microsoft Visual Studio Solution File, Format Version 12.00
# Visual Studio Version 16
VisualStudioVersion = 16.0.30114.105
MinimumVisualStudioVersion = 10.0.40219.1
Project("{FAE04EC0-301F-11D3-BF4B-00C04F79EFBC}") = "R5T.L0016", "R5T.L0016\R5T.L0016.csproj", "{EC80F4D5-90E8-46A7-879A-BED569AA6401}"
EndProject
Project("{FAE04EC0-301F-11D3-BF4B-00C04F79EFBC}") = "R5T.L0016.Construction", "R5T.L0016.Construction\R5T.L0016.Construction.csproj", "{1C38CAA6-50FE-4ED1-BE48-F2583E479128}"
EndProject
Project("{FAE04EC0-301F-11D3-BF4B-00C04F79EFBC}") = "R5T.L0016.X000", "R5T.L0016.X000\R5T.L0016.X000.csproj", "{A683CF06-79F9-4E4F-B434-678DD9BADED5}"
EndProject
Project("{FAE04EC0-301F-11D3-BF4B-00C04F79EFBC}") = "R5T.L0016.X001", "R5T.L0016.X001\R5T.L0016.X001.csproj", "{36EFD483-9D49-49F7-B21B-46A573CCD619}"
EndProject
Global
	GlobalSection(SolutionConfigurationPlatforms) = preSolution
		Debug|Any CPU = Debug|Any CPU
		Debug|x64 = Debug|x64
		Debug|x86 = Debug|x86
		Release|Any CPU = Release|Any CPU
		Release|x64 = Release|x64
		Release|x86 = Release|x86
	EndGlobalSection
	GlobalSection(SolutionProperties) = preSolution
		HideSolutionNode = FALSE
	EndGlobalSection
	GlobalSection(ProjectConfigurationPlatforms) = postSolution
		{EC80F4D5-90E8-46A7-879A-BED569AA6401}.Debug|Any CPU.ActiveCfg = Debug|Any CPU
		{EC80F4D5-90E8-46A7-879A-BED569AA6401}.Debug|Any CPU.Build.0 = Debug|Any CPU
		{EC80F4D5-90E8-46A7-879A-BED569AA6401}.Debug|x64.ActiveCfg = Debug|Any CPU
		{EC80F4D5-90E8-46A7-879A-BED569AA6401}.Debug|x64.Build.0 = Debug|Any CPU
		{EC80F4D5-90E8-46A7-879A-BED569AA6401}.Debug|x86.ActiveCfg = Debug|Any CPU
		{EC80F4D5-90E8-46A7-879A-BED569AA6401}.Debug|x86.Build.0 = Debug|Any CPU
		{EC80F4D5-90E8-46A7-879A-BED569AA6401}.Release|Any CPU.ActiveCfg = Release|Any CPU
		{EC80F4D5-90E8-46A7-879A-BED569AA6401}.Release|Any CPU.Build.0 = Release|Any CPU
		{EC80F4D5-90E8-46A7-879A-BED569AA6401}.Release|x64.ActiveCfg = Release|Any CPU
		{EC80F4D5-90E8-46A7-879A-BED569AA6401}.Release|x64.Build.0 = Release|Any CPU
		{EC80F4D5-90E8-46A7-879A-BED569AA6401}.Release|x86.ActiveCfg = Release|Any CPU
		{EC80F4D5-90E8-46A7-879A-BED569AA6401}.Release|x86.Build.0 = Release|Any CPU
		{1C38CAA6-50FE-4ED1-BE48-F2583E479128}.Debug|Any CPU.ActiveCfg = Debug|Any CPU
		{1C38CAA6-50FE-4ED1-BE48-F2583E479128}.Debug|Any CPU.Build.0 = Debug|Any CPU
		{1C38CAA6-50FE-4ED1-BE48-F2583E479128}.Debug|x64.ActiveCfg = Debug|Any CPU
		{1C38CAA6-50FE-4ED1-BE48-F2583E479128}.Debug|x64.Build.0 = Debug|Any CPU
		{1C38CAA6-50FE-4ED1-BE48-F2583E479128}.Debug|x86.ActiveCfg = Debug|Any CPU
		{1C38CAA6-50FE-4ED1-BE48-F2583E479128}.Debug|x86.Build.0 = Debug|Any CPU
		{1C38CAA6-50FE-4ED1-BE48-F2583E479128}.Release|Any CPU.ActiveCfg = Release|Any CPU
		{1C38CAA6-50FE-4ED1-BE48-F2583E479128}.Release|Any CPU.Build.0 = Release|Any CPU
		{1C38CAA6-50FE-4ED1-BE48-F2583E479128}.Release|x64.ActiveCfg = Release|Any CPU
		{1C38CAA6-50FE-4ED1-BE48-F2583E479128}.Release|x64.Build.0 = Release|Any CPU
		{1C38CAA6-50FE-4ED1-BE48-F2583E479128}.Release|x86.ActiveCfg = Release|Any CPU
		{1C38CAA6-50FE-4ED1-BE48-F2583E479128}.Release|x86.Build.0 = Release|Any CPU
		{A683CF06-79F9-4E4F-B434-678DD9BADED5}.Debug|Any CPU.ActiveCfg = Debug|Any CPU
		{A683CF06-79F9-4E4F-B434-678DD9BADED5}.Debug|Any CPU.Build.0 = Debug|Any CPU
		{A683CF06-79F9-4E4F-B434-678DD9BADED5}.Debug|x64.ActiveCfg = Debug|Any CPU
		{A683CF06-79F9-4E4F-B434-678DD9BADED5}.Debug|x64.Build.0 = Debug|Any CPU
		{A683CF06-79F9-4E4F-B434-678DD9BADED5}.Debug|x86.ActiveCfg = Debug|Any CPU
		{A683CF06-79F9-4E4F-B434-678DD9BADED5}.Debug|x86.Build.0 = Debug|Any CPU
		{A683CF06-79F9-4E4F-B434-678DD9BADED5}.Release|Any CPU.ActiveCfg = Release|Any CPU
		{A683CF06-79F9-4E4F-B434-678DD9BADED5}.Release|Any CPU.Build.0 = Release|Any CPU
		{A683CF06-79F9-4E4F-B434-678DD9BADED5}.Release|x64.ActiveCfg = Release|Any CPU
		{A683CF06-79F9-4E4F-B434-678DD9BADED5}.Release|x64.Build.0 = Release|Any CPU
		{A683CF06-79F9-4E4F-B434-678DD9BADED5}.Release|x86.ActiveCfg = Release|Any CPU
		{A683CF06-79F9-4E4F-B434-678DD9BADED5}.Release|x86.Build.0 = Release|Any CPU
		{36EFD483-9D49-49F7-B21B-46A573CCD619}.Debug|Any CPU.ActiveCfg = Debug|Any CPU
		{36EFD483-9D49-49F7-B21B-46A573CCD619}.Debug|Any CPU.Build.0 = Debug|Any CPU
		{36EFD483-9D49-49F7-B21B-46A573CCD619}.Debug|x64.ActiveCfg = Debug|Any CPU
		{36EFD483-9D49-49F7-B21B-46A573CCD619}.Debug|x64.Build.0 = Debug|Any CPU
		{36EFD483-9D49-49F7-B21B-46A573CCD619}.Debug|x86.ActiveCfg = Debug|Any CPU
		{36EFD483-9D49-49F7-B21B-46A573CCD619}.Debug|x86.Build.0 = Debug|Any CPU
		{36EFD483-9D49-49F7-B21B-46A573CCD619}.Release|Any CPU.ActiveCfg = Release|Any CPU
		{36EFD483-9D49-49F7-B21B-46A573CCD619}.Release|Any CPU.Build.0 = Release|Any CPU
		{36EFD483-9D49-49F7-B21B-46A573CCD619}.Release|x64.ActiveCfg = Release|Any CPU
		{36EFD483-9D49-49F7-B21B-46A573CCD619}.Release|x64.Build.0 = Release|Any CPU
		{36EFD483-9D49-49F7-B21B-46A573CCD619}.Release|x86.ActiveCfg = Release|Any CPU
		{36EFD483-9D49-49F7-B21B-46A573CCD619}.Release|x86.Build.0 = Release|Any CPU
	EndGlobalSection
EndGlobal
